
Microsoft Visual Studio Solution File, Format Version 12.00
# Visual Studio 15
VisualStudioVersion = 15.0.28307.489
MinimumVisualStudioVersion = 10.0.40219.1
Project("{FAE04EC0-301F-11D3-BF4B-00C04F79EFBC}") = "ahbl", "ahbl\ahbl.csproj", "{B157E0BA-C862-4B25-B049-5700CB8A0A7F}"
EndProject
Global
	GlobalSection(SolutionConfigurationPlatforms) = preSolution
		Debug|Any CPU = Debug|Any CPU
		Release|Any CPU = Release|Any CPU
	EndGlobalSection
	GlobalSection(ProjectConfigurationPlatforms) = postSolution
		{B157E0BA-C862-4B25-B049-5700CB8A0A7F}.Debug|Any CPU.ActiveCfg = Debug|Any CPU
		{B157E0BA-C862-4B25-B049-5700CB8A0A7F}.Debug|Any CPU.Build.0 = Debug|Any CPU
		{B157E0BA-C862-4B25-B049-5700CB8A0A7F}.Release|Any CPU.ActiveCfg = Release|Any CPU
		{B157E0BA-C862-4B25-B049-5700CB8A0A7F}.Release|Any CPU.Build.0 = Release|Any CPU
	EndGlobalSection
	GlobalSection(SolutionProperties) = preSolution
		HideSolutionNode = FALSE
	EndGlobalSection
	GlobalSection(ExtensibilityGlobals) = postSolution
		SolutionGuid = {1F3E6D71-6CB2-4F4B-8CE8-D83CC48B1497}
	EndGlobalSection
EndGlobal
